
Microsoft Visual Studio Solution File, Format Version 12.00
# Visual Studio Version 17
VisualStudioVersion = 17.5.002.0
MinimumVisualStudioVersion = 10.0.40219.1
Project("{9A19103F-16F7-4668-BE54-9A1E7A4F7556}") = "DataNexus", "DataNexus.csproj", "{04496D5D-BF47-428C-9712-B798A014CBC5}"
EndProject
Global
	GlobalSection(SolutionConfigurationPlatforms) = preSolution
		Debug|Any CPU = Debug|Any CPU
		Release|Any CPU = Release|Any CPU
	EndGlobalSection
	GlobalSection(ProjectConfigurationPlatforms) = postSolution
		{04496D5D-BF47-428C-9712-B798A014CBC5}.Debug|Any CPU.ActiveCfg = Debug|Any CPU
		{04496D5D-BF47-428C-9712-B798A014CBC5}.Debug|Any CPU.Build.0 = Debug|Any CPU
		{04496D5D-BF47-428C-9712-B798A014CBC5}.Release|Any CPU.ActiveCfg = Release|Any CPU
		{04496D5D-BF47-428C-9712-B798A014CBC5}.Release|Any CPU.Build.0 = Release|Any CPU
	EndGlobalSection
	GlobalSection(SolutionProperties) = preSolution
		HideSolutionNode = FALSE
	EndGlobalSection
	GlobalSection(ExtensibilityGlobals) = postSolution
		SolutionGuid = {9322AF93-E5C0-40B1-8E4A-C46AC21D63FE}
	EndGlobalSection
EndGlobal
